// !$*UTF8*$!
{
	archiveVersion = 1;
	classes = {
	};
	objectVersion = 46;
	objects = {

/* Begin PBXBuildFile section */
		1ED7F21F1717A22B00A4F743 /* UIKit.framework in Frameworks */ = {isa = PBXBuildFile; fileRef = 1ED7F21E1717A22B00A4F743 /* UIKit.framework */; };
		1ED7F2211717A22B00A4F743 /* Foundation.framework in Frameworks */ = {isa = PBXBuildFile; fileRef = 1ED7F2201717A22B00A4F743 /* Foundation.framework */; };
		1ED7F2231717A22B00A4F743 /* CoreGraphics.framework in Frameworks */ = {isa = PBXBuildFile; fileRef = 1ED7F2221717A22B00A4F743 /* CoreGraphics.framework */; };
		1ED7F2291717A22B00A4F743 /* InfoPlist.strings in Resources */ = {isa = PBXBuildFile; fileRef = 1ED7F2271717A22B00A4F743 /* InfoPlist.strings */; };
		1ED7F22B1717A22B00A4F743 /* main.m in Sources */ = {isa = PBXBuildFile; fileRef = 1ED7F22A1717A22B00A4F743 /* main.m */; };
		1ED7F22F1717A22B00A4F743 /* TSNAppDelegate.m in Sources */ = {isa = PBXBuildFile; fileRef = 1ED7F22E1717A22B00A4F743 /* TSNAppDelegate.m */; };
		1ED7F2311717A22B00A4F743 /* Default.png in Resources */ = {isa = PBXBuildFile; fileRef = 1ED7F2301717A22B00A4F743 /* Default.png */; };
		1ED7F2331717A22B00A4F743 /* Default@2x.png in Resources */ = {isa = PBXBuildFile; fileRef = 1ED7F2321717A22B00A4F743 /* Default@2x.png */; };
		1ED7F2351717A22B00A4F743 /* Default-568h@2x.png in Resources */ = {isa = PBXBuildFile; fileRef = 1ED7F2341717A22B00A4F743 /* Default-568h@2x.png */; };
		1ED7F23D1717A24600A4F743 /* PageView.m in Sources */ = {isa = PBXBuildFile; fileRef = 1ED7F23C1717A24600A4F743 /* PageView.m */; };
		1ED7F2401717A26D00A4F743 /* DemoViewController.m in Sources */ = {isa = PBXBuildFile; fileRef = 1ED7F23F1717A26D00A4F743 /* DemoViewController.m */; };
		1ED7F2421717AEF200A4F743 /* QuartzCore.framework in Frameworks */ = {isa = PBXBuildFile; fileRef = 1ED7F2411717AEF200A4F743 /* QuartzCore.framework */; };
/* End PBXBuildFile section */

/* Begin PBXFileReference section */
		1ED7F21A1717A22B00A4F743 /* PageDemo.app */ = {isa = PBXFileReference; explicitFileType = wrapper.application; includeInIndex = 0; path = PageDemo.app; sourceTree = BUILT_PRODUCTS_DIR; };
		1ED7F21E1717A22B00A4F743 /* UIKit.framework */ = {isa = PBXFileReference; lastKnownFileType = wrapper.framework; name = UIKit.framework; path = System/Library/Frameworks/UIKit.framework; sourceTree = SDKROOT; };
		1ED7F2201717A22B00A4F743 /* Foundation.framework */ = {isa = PBXFileReference; lastKnownFileType = wrapper.framework; name = Foundation.framework; path = System/Library/Frameworks/Foundation.framework; sourceTree = SDKROOT; };
		1ED7F2221717A22B00A4F743 /* CoreGraphics.framework */ = {isa = PBXFileReference; lastKnownFileType = wrapper.framework; name = CoreGraphics.framework; path = System/Library/Frameworks/CoreGraphics.framework; sourceTree = SDKROOT; };
		1ED7F2261717A22B00A4F743 /* PageDemo-Info.plist */ = {isa = PBXFileReference; lastKnownFileType = text.plist.xml; path = "PageDemo-Info.plist"; sourceTree = "<group>"; };
		1ED7F2281717A22B00A4F743 /* en */ = {isa = PBXFileReference; lastKnownFileType = text.plist.strings; name = en; path = en.lproj/InfoPlist.strings; sourceTree = "<group>"; };
		1ED7F22A1717A22B00A4F743 /* main.m */ = {isa = PBXFileReference; lastKnownFileType = sourcecode.c.objc; path = main.m; sourceTree = "<group>"; };
		1ED7F22C1717A22B00A4F743 /* PageDemo-Prefix.pch */ = {isa = PBXFileReference; lastKnownFileType = sourcecode.c.h; path = "PageDemo-Prefix.pch"; sourceTree = "<group>"; };
		1ED7F22D1717A22B00A4F743 /* TSNAppDelegate.h */ = {isa = PBXFileReference; lastKnownFileType = sourcecode.c.h; path = TSNAppDelegate.h; sourceTree = "<group>"; };
		1ED7F22E1717A22B00A4F743 /* TSNAppDelegate.m */ = {isa = PBXFileReference; lastKnownFileType = sourcecode.c.objc; path = TSNAppDelegate.m; sourceTree = "<group>"; };
		1ED7F2301717A22B00A4F743 /* Default.png */ = {isa = PBXFileReference; lastKnownFileType = image.png; path = Default.png; sourceTree = "<group>"; };
		1ED7F2321717A22B00A4F743 /* Default@2x.png */ = {isa = PBXFileReference; lastKnownFileType = image.png; path = "Default@2x.png"; sourceTree = "<group>"; };
		1ED7F2341717A22B00A4F743 /* Default-568h@2x.png */ = {isa = PBXFileReference; lastKnownFileType = image.png; path = "Default-568h@2x.png"; sourceTree = "<group>"; };
		1ED7F23B1717A24600A4F743 /* PageView.h */ = {isa = PBXFileReference; fileEncoding = 4; lastKnownFileType = sourcecode.c.h; path = PageView.h; sourceTree = "<group>"; };
		1ED7F23C1717A24600A4F743 /* PageView.m */ = {isa = PBXFileReference; fileEncoding = 4; lastKnownFileType = sourcecode.c.objc; path = PageView.m; sourceTree = "<group>"; };
		1ED7F23E1717A26D00A4F743 /* DemoViewController.h */ = {isa = PBXFileReference; fileEncoding = 4; lastKnownFileType = sourcecode.c.h; path = DemoViewController.h; sourceTree = "<group>"; };
		1ED7F23F1717A26D00A4F743 /* DemoViewController.m */ = {isa = PBXFileReference; fileEncoding = 4; lastKnownFileType = sourcecode.c.objc; path = DemoViewController.m; sourceTree = "<group>"; };
		1ED7F2411717AEF200A4F743 /* QuartzCore.framework */ = {isa = PBXFileReference; lastKnownFileType = wrapper.framework; name = QuartzCore.framework; path = System/Library/Frameworks/QuartzCore.framework; sourceTree = SDKROOT; };
/* End PBXFileReference section */

/* Begin PBXFrameworksBuildPhase section */
		1ED7F2171717A22B00A4F743 /* Frameworks */ = {
			isa = PBXFrameworksBuildPhase;
			buildActionMask = 2147483647;
			files = (
				1ED7F2421717AEF200A4F743 /* QuartzCore.framework in Frameworks */,
				1ED7F21F1717A22B00A4F743 /* UIKit.framework in Frameworks */,
				1ED7F2211717A22B00A4F743 /* Foundation.framework in Frameworks */,
				1ED7F2231717A22B00A4F743 /* CoreGraphics.framework in Frameworks */,
			);
			runOnlyForDeploymentPostprocessing = 0;
		};
/* End PBXFrameworksBuildPhase section */

/* Begin PBXGroup section */
		1ED7F20F1717A22B00A4F743 = {
			isa = PBXGroup;
			children = (
				1ED7F2241717A22B00A4F743 /* PageDemo */,
				1ED7F21D1717A22B00A4F743 /* Frameworks */,
				1ED7F21B1717A22B00A4F743 /* Products */,
			);
			sourceTree = "<group>";
		};
		1ED7F21B1717A22B00A4F743 /* Products */ = {
			isa = PBXGroup;
			children = (
				1ED7F21A1717A22B00A4F743 /* PageDemo.app */,
			);
			name = Products;
			sourceTree = "<group>";
		};
		1ED7F21D1717A22B00A4F743 /* Frameworks */ = {
			isa = PBXGroup;
			children = (
				1ED7F2411717AEF200A4F743 /* QuartzCore.framework */,
				1ED7F21E1717A22B00A4F743 /* UIKit.framework */,
				1ED7F2201717A22B00A4F743 /* Foundation.framework */,
				1ED7F2221717A22B00A4F743 /* CoreGraphics.framework */,
			);
			name = Frameworks;
			sourceTree = "<group>";
		};
		1ED7F2241717A22B00A4F743 /* PageDemo */ = {
			isa = PBXGroup;
			children = (
				1ED7F22D1717A22B00A4F743 /* TSNAppDelegate.h */,
				1ED7F22E1717A22B00A4F743 /* TSNAppDelegate.m */,
				1ED7F2251717A22B00A4F743 /* Supporting Files */,
				1ED7F23B1717A24600A4F743 /* PageView.h */,
				1ED7F23C1717A24600A4F743 /* PageView.m */,
				1ED7F23E1717A26D00A4F743 /* DemoViewController.h */,
				1ED7F23F1717A26D00A4F743 /* DemoViewController.m */,
			);
			path = PageDemo;
			sourceTree = "<group>";
		};
		1ED7F2251717A22B00A4F743 /* Supporting Files */ = {
			isa = PBXGroup;
			children = (
				1ED7F2261717A22B00A4F743 /* PageDemo-Info.plist */,
				1ED7F2271717A22B00A4F743 /* InfoPlist.strings */,
				1ED7F22A1717A22B00A4F743 /* main.m */,
				1ED7F22C1717A22B00A4F743 /* PageDemo-Prefix.pch */,
				1ED7F2301717A22B00A4F743 /* Default.png */,
				1ED7F2321717A22B00A4F743 /* Default@2x.png */,
				1ED7F2341717A22B00A4F743 /* Default-568h@2x.png */,
			);
			name = "Supporting Files";
			sourceTree = "<group>";
		};
/* End PBXGroup section */

/* Begin PBXNativeTarget section */
		1ED7F2191717A22B00A4F743 /* PageDemo */ = {
			isa = PBXNativeTarget;
			buildConfigurationList = 1ED7F2381717A22B00A4F743 /* Build configuration list for PBXNativeTarget "PageDemo" */;
			buildPhases = (
				1ED7F2161717A22B00A4F743 /* Sources */,
				1ED7F2171717A22B00A4F743 /* Frameworks */,
				1ED7F2181717A22B00A4F743 /* Resources */,
			);
			buildRules = (
			);
			dependencies = (
			);
			name = PageDemo;
			productName = PageDemo;
			productReference = 1ED7F21A1717A22B00A4F743 /* PageDemo.app */;
			productType = "com.apple.product-type.application";
		};
/* End PBXNativeTarget section */

/* Begin PBXProject section */
		1ED7F2111717A22B00A4F743 /* Project object */ = {
			isa = PBXProject;
			attributes = {
				CLASSPREFIX = TSN;
				LastUpgradeCheck = 0450;
				ORGANIZATIONNAME = 4DTECH;
			};
			buildConfigurationList = 1ED7F2141717A22B00A4F743 /* Build configuration list for PBXProject "PageDemo" */;
			compatibilityVersion = "Xcode 3.2";
			developmentRegion = English;
			hasScannedForEncodings = 0;
			knownRegions = (
				en,
			);
			mainGroup = 1ED7F20F1717A22B00A4F743;
			productRefGroup = 1ED7F21B1717A22B00A4F743 /* Products */;
			projectDirPath = "";
			projectRoot = "";
			targets = (
				1ED7F2191717A22B00A4F743 /* PageDemo */,
			);
		};
/* End PBXProject section */

/* Begin PBXResourcesBuildPhase section */
		1ED7F2181717A22B00A4F743 /* Resources */ = {
			isa = PBXResourcesBuildPhase;
			buildActionMask = 2147483647;
			files = (
				1ED7F2291717A22B00A4F743 /* InfoPlist.strings in Resources */,
				1ED7F2311717A22B00A4F743 /* Default.png in Resources */,
				1ED7F2331717A22B00A4F743 /* Default@2x.png in Resources */,
				1ED7F2351717A22B00A4F743 /* Default-568h@2x.png in Resources */,
			);
			runOnlyForDeploymentPostprocessing = 0;
		};
/* End PBXResourcesBuildPhase section */

/* Begin PBXSourcesBuildPhase section */
		1ED7F2161717A22B00A4F743 /* Sources */ = {
			isa = PBXSourcesBuildPhase;
			buildActionMask = 2147483647;
			files = (
				1ED7F22B1717A22B00A4F743 /* main.m in Sources */,
				1ED7F22F1717A22B00A4F743 /* TSNAppDelegate.m in Sources */,
				1ED7F23D1717A24600A4F743 /* PageView.m in Sources */,
				1ED7F2401717A26D00A4F743 /* DemoViewController.m in Sources */,
			);
			runOnlyForDeploymentPostprocessing = 0;
		};
/* End PBXSourcesBuildPhase section */

/* Begin PBXVariantGroup section */
		1ED7F2271717A22B00A4F743 /* InfoPlist.strings */ = {
			isa = PBXVariantGroup;
			children = (
				1ED7F2281717A22B00A4F743 /* en */,
			);
			name = InfoPlist.strings;
			sourceTree = "<group>";
		};
/* End PBXVariantGroup section */

/* Begin XCBuildConfiguration section */
		1ED7F2361717A22B00A4F743 /* Debug */ = {
			isa = XCBuildConfiguration;
			buildSettings = {
				ALWAYS_SEARCH_USER_PATHS = NO;
				CLANG_CXX_LANGUAGE_STANDARD = "gnu++0x";
				CLANG_CXX_LIBRARY = "libc++";
				CLANG_WARN_EMPTY_BODY = YES;
				CLANG_WARN__DUPLICATE_METHOD_MATCH = YES;
				"CODE_SIGN_IDENTITY[sdk=iphoneos*]" = "iPhone Developer";
				COPY_PHASE_STRIP = NO;
				GCC_C_LANGUAGE_STANDARD = gnu99;
				GCC_DYNAMIC_NO_PIC = NO;
				GCC_OPTIMIZATION_LEVEL = 0;
				GCC_PREPROCESSOR_DEFINITIONS = (
					"DEBUG=1",
					"$(inherited)",
				);
				GCC_SYMBOLS_PRIVATE_EXTERN = NO;
				GCC_WARN_ABOUT_RETURN_TYPE = YES;
				GCC_WARN_UNINITIALIZED_AUTOS = YES;
				GCC_WARN_UNUSED_VARIABLE = YES;
				IPHONEOS_DEPLOYMENT_TARGET = 6.0;
				ONLY_ACTIVE_ARCH = YES;
				SDKROOT = iphoneos;
			};
			name = Debug;
		};
		1ED7F2371717A22B00A4F743 /* Release */ = {
			isa = XCBuildConfiguration;
			buildSettings = {
				ALWAYS_SEARCH_USER_PATHS = NO;
				CLANG_CXX_LANGUAGE_STANDARD = "gnu++0x";
				CLANG_CXX_LIBRARY = "libc++";
				CLANG_WARN_EMPTY_BODY = YES;
				CLANG_WARN__DUPLICATE_METHOD_MATCH = YES;
				"CODE_SIGN_IDENTITY[sdk=iphoneos*]" = "iPhone Developer";
				COPY_PHASE_STRIP = YES;
				GCC_C_LANGUAGE_STANDARD = gnu99;
				GCC_WARN_ABOUT_RETURN_TYPE = YES;
				GCC_WARN_UNINITIALIZED_AUTOS = YES;
				GCC_WARN_UNUSED_VARIABLE = YES;
				IPHONEOS_DEPLOYMENT_TARGET = 6.0;
				OTHER_CFLAGS = "-DNS_BLOCK_ASSERTIONS=1";
				SDKROOT = iphoneos;
				VALIDATE_PRODUCT = YES;
			};
			name = Release;
		};
		1ED7F2391717A22B00A4F743 /* Debug */ = {
			isa = XCBuildConfiguration;
			buildSettings = {
				GCC_PRECOMPILE_PREFIX_HEADER = YES;
				GCC_PREFIX_HEADER = "PageDemo/PageDemo-Prefix.pch";
				INFOPLIST_FILE = "PageDemo/PageDemo-Info.plist";
				PRODUCT_NAME = "$(TARGET_NAME)";
				WRAPPER_EXTENSION = app;
			};
			name = Debug;
		};
		1ED7F23A1717A22B00A4F743 /* Release */ = {
			isa = XCBuildConfiguration;
			buildSettings = {
				GCC_PRECOMPILE_PREFIX_HEADER = YES;
				GCC_PREFIX_HEADER = "PageDemo/PageDemo-Prefix.pch";
				INFOPLIST_FILE = "PageDemo/PageDemo-Info.plist";
				PRODUCT_NAME = "$(TARGET_NAME)";
				WRAPPER_EXTENSION = app;
			};
			name = Release;
		};
/* End XCBuildConfiguration section */

/* Begin XCConfigurationList section */
		1ED7F2141717A22B00A4F743 /* Build configuration list for PBXProject "PageDemo" */ = {
			isa = XCConfigurationList;
			buildConfigurations = (
				1ED7F2361717A22B00A4F743 /* Debug */,
				1ED7F2371717A22B00A4F743 /* Release */,
			);
			defaultConfigurationIsVisible = 0;
			defaultConfigurationName = Release;
		};
		1ED7F2381717A22B00A4F743 /* Build configuration list for PBXNativeTarget "PageDemo" */ = {
			isa = XCConfigurationList;
			buildConfigurations = (
				1ED7F2391717A22B00A4F743 /* Debug */,
				1ED7F23A1717A22B00A4F743 /* Release */,
			);
			defaultConfigurationIsVisible = 0;
		};
/* End XCConfigurationList section */
	};
	rootObject = 1ED7F2111717A22B00A4F743 /* Project object */;
}
